{
  "name": "spigot-autoreload",
  "version": "1.0.0",
  "lockfileVersion": 1,
  "requires": true,
  "dependencies": {
    "rcon-srcds": {
      "version": "1.0.0",
      "resolved": "https://registry.npmjs.org/rcon-srcds/-/rcon-srcds-1.0.0.tgz",
      "integrity": "sha512-9NdjZNvRf5fIV0DrvuA18A39N7gi5q/NqGac6x1zIg4vXFpcpBtD0zbpO+Jxh0zcsQz9IJ7bImaeXX68w4D9dg=="
    }
  }
}
